
Microsoft Visual Studio Solution File, Format Version 12.00
# Visual Studio Version 17
VisualStudioVersion = 17.2.32526.322
MinimumVisualStudioVersion = 10.0.40219.1
Project("{FAE04EC0-301F-11D3-BF4B-00C04F79EFBC}") = "Aula 1 Exercício 2", "Aula 1 Exercício 2\Aula 1 Exercício 2.csproj", "{990207C1-21D6-4925-995D-72254C8ADD2A}"
EndProject
Global
	GlobalSection(SolutionConfigurationPlatforms) = preSolution
		Debug|Any CPU = Debug|Any CPU
		Release|Any CPU = Release|Any CPU
	EndGlobalSection
	GlobalSection(ProjectConfigurationPlatforms) = postSolution
		{990207C1-21D6-4925-995D-72254C8ADD2A}.Debug|Any CPU.ActiveCfg = Debug|Any CPU
		{990207C1-21D6-4925-995D-72254C8ADD2A}.Debug|Any CPU.Build.0 = Debug|Any CPU
		{990207C1-21D6-4925-995D-72254C8ADD2A}.Release|Any CPU.ActiveCfg = Release|Any CPU
		{990207C1-21D6-4925-995D-72254C8ADD2A}.Release|Any CPU.Build.0 = Release|Any CPU
	EndGlobalSection
	GlobalSection(SolutionProperties) = preSolution
		HideSolutionNode = FALSE
	EndGlobalSection
	GlobalSection(ExtensibilityGlobals) = postSolution
		SolutionGuid = {88F073D6-9AAC-491F-9770-978E07123318}
	EndGlobalSection
EndGlobal
